
Microsoft Visual Studio Solution File, Format Version 12.00
# Visual Studio 2012
Project("{FAE04EC0-301F-11D3-BF4B-00C04F79EFBC}") = "notePad", "notePad\notePad.csproj", "{461EFC89-938D-4BCF-9383-D25FFCE10658}"
EndProject
Global
	GlobalSection(SolutionConfigurationPlatforms) = preSolution
		Debug|Any CPU = Debug|Any CPU
		Release|Any CPU = Release|Any CPU
	EndGlobalSection
	GlobalSection(ProjectConfigurationPlatforms) = postSolution
		{461EFC89-938D-4BCF-9383-D25FFCE10658}.Debug|Any CPU.ActiveCfg = Debug|Any CPU
		{461EFC89-938D-4BCF-9383-D25FFCE10658}.Debug|Any CPU.Build.0 = Debug|Any CPU
		{461EFC89-938D-4BCF-9383-D25FFCE10658}.Release|Any CPU.ActiveCfg = Release|Any CPU
		{461EFC89-938D-4BCF-9383-D25FFCE10658}.Release|Any CPU.Build.0 = Release|Any CPU
	EndGlobalSection
	GlobalSection(SolutionProperties) = preSolution
		HideSolutionNode = FALSE
	EndGlobalSection
EndGlobal
